
Microsoft Visual Studio Solution File, Format Version 12.00
# Visual Studio Version 17
VisualStudioVersion = 17.5.33424.131
MinimumVisualStudioVersion = 10.0.40219.1
Project("{FAE04EC0-301F-11D3-BF4B-00C04F79EFBC}") = "PasswordGenerator", "PasswordGenerator\PasswordGenerator.csproj", "{14819940-2BF9-4BE9-AF63-70983F0B9158}"
EndProject
Project("{FAE04EC0-301F-11D3-BF4B-00C04F79EFBC}") = "Tests", "Tests\Tests.csproj", "{E12508A7-C741-413B-A8FA-B17DE254653D}"
EndProject
Global
	GlobalSection(SolutionConfigurationPlatforms) = preSolution
		Debug|Any CPU = Debug|Any CPU
		Release|Any CPU = Release|Any CPU
	EndGlobalSection
	GlobalSection(ProjectConfigurationPlatforms) = postSolution
		{14819940-2BF9-4BE9-AF63-70983F0B9158}.Debug|Any CPU.ActiveCfg = Debug|Any CPU
		{14819940-2BF9-4BE9-AF63-70983F0B9158}.Debug|Any CPU.Build.0 = Debug|Any CPU
		{14819940-2BF9-4BE9-AF63-70983F0B9158}.Release|Any CPU.ActiveCfg = Release|Any CPU
		{14819940-2BF9-4BE9-AF63-70983F0B9158}.Release|Any CPU.Build.0 = Release|Any CPU
		{E12508A7-C741-413B-A8FA-B17DE254653D}.Debug|Any CPU.ActiveCfg = Debug|Any CPU
		{E12508A7-C741-413B-A8FA-B17DE254653D}.Debug|Any CPU.Build.0 = Debug|Any CPU
		{E12508A7-C741-413B-A8FA-B17DE254653D}.Release|Any CPU.ActiveCfg = Release|Any CPU
		{E12508A7-C741-413B-A8FA-B17DE254653D}.Release|Any CPU.Build.0 = Release|Any CPU
	EndGlobalSection
	GlobalSection(SolutionProperties) = preSolution
		HideSolutionNode = FALSE
	EndGlobalSection
	GlobalSection(ExtensibilityGlobals) = postSolution
		SolutionGuid = {805EC68C-2A4F-4DD7-A2BD-B2AED894CC9A}
	EndGlobalSection
EndGlobal
